
Microsoft Visual Studio Solution File, Format Version 12.00
# Visual Studio 2013
VisualStudioVersion = 12.0.30501.0
MinimumVisualStudioVersion = 10.0.40219.1
Project("{FAE04EC0-301F-11D3-BF4B-00C04F79EFBC}") = "MT5websocket", "MT5websocket\MT5websocket.csproj", "{A10E5DEE-F6DA-4187-803E-C0BEE942EE29}"
EndProject
Global
	GlobalSection(SolutionConfigurationPlatforms) = preSolution
		Debug|Any CPU = Debug|Any CPU
		Debug|x64 = Debug|x64
		Release|Any CPU = Release|Any CPU
		Release|x64 = Release|x64
	EndGlobalSection
	GlobalSection(ProjectConfigurationPlatforms) = postSolution
		{A10E5DEE-F6DA-4187-803E-C0BEE942EE29}.Debug|Any CPU.ActiveCfg = Debug|Any CPU
		{A10E5DEE-F6DA-4187-803E-C0BEE942EE29}.Debug|Any CPU.Build.0 = Debug|Any CPU
		{A10E5DEE-F6DA-4187-803E-C0BEE942EE29}.Debug|x64.ActiveCfg = Debug|x64
		{A10E5DEE-F6DA-4187-803E-C0BEE942EE29}.Debug|x64.Build.0 = Debug|x64
		{A10E5DEE-F6DA-4187-803E-C0BEE942EE29}.Release|Any CPU.ActiveCfg = Release|Any CPU
		{A10E5DEE-F6DA-4187-803E-C0BEE942EE29}.Release|Any CPU.Build.0 = Release|Any CPU
		{A10E5DEE-F6DA-4187-803E-C0BEE942EE29}.Release|x64.ActiveCfg = Release|x64
		{A10E5DEE-F6DA-4187-803E-C0BEE942EE29}.Release|x64.Build.0 = Release|x64
	EndGlobalSection
	GlobalSection(SolutionProperties) = preSolution
		HideSolutionNode = FALSE
	EndGlobalSection
EndGlobal
